
Microsoft Visual Studio Solution File, Format Version 12.00
# Visual Studio Version 17
VisualStudioVersion = 17.2.32630.192
MinimumVisualStudioVersion = 10.0.40219.1
Project("{FAE04EC0-301F-11D3-BF4B-00C04F79EFBC}") = "SelectionStatementExcercise", "SelectionStatementExcercise\SelectionStatementExcercise.csproj", "{CE6551BE-7D18-4025-8CCF-8B40CA31C3A3}"
EndProject
Global
	GlobalSection(SolutionConfigurationPlatforms) = preSolution
		Debug|Any CPU = Debug|Any CPU
		Release|Any CPU = Release|Any CPU
	EndGlobalSection
	GlobalSection(ProjectConfigurationPlatforms) = postSolution
		{CE6551BE-7D18-4025-8CCF-8B40CA31C3A3}.Debug|Any CPU.ActiveCfg = Debug|Any CPU
		{CE6551BE-7D18-4025-8CCF-8B40CA31C3A3}.Debug|Any CPU.Build.0 = Debug|Any CPU
		{CE6551BE-7D18-4025-8CCF-8B40CA31C3A3}.Release|Any CPU.ActiveCfg = Release|Any CPU
		{CE6551BE-7D18-4025-8CCF-8B40CA31C3A3}.Release|Any CPU.Build.0 = Release|Any CPU
	EndGlobalSection
	GlobalSection(SolutionProperties) = preSolution
		HideSolutionNode = FALSE
	EndGlobalSection
	GlobalSection(ExtensibilityGlobals) = postSolution
		SolutionGuid = {34AEBD55-3A3F-4462-98DE-664B7D23B329}
	EndGlobalSection
EndGlobal
